
Microsoft Visual Studio Solution File, Format Version 12.00
# Visual Studio 15
VisualStudioVersion = 15.0.28010.2036
MinimumVisualStudioVersion = 10.0.40219.1
Project("{9A19103F-16F7-4668-BE54-9A1E7A4F7556}") = "DaOAuthV2.Dal.Interface", "DaOAuthV2.Dal.Interface\DaOAuthV2.Dal.Interface.csproj", "{F15A6249-E8B9-401E-AEEF-EDADF111C2D8}"
EndProject
Project("{2150E333-8FDC-42A3-9474-1A3956D46DE8}") = "Dal", "Dal", "{350D71BF-B546-4FF9-B076-0BDFEC344FC2}"
EndProject
Project("{2150E333-8FDC-42A3-9474-1A3956D46DE8}") = "Domain", "Domain", "{AC4FE779-D22C-46DB-84D1-6E1BF46EE9E2}"
EndProject
Project("{9A19103F-16F7-4668-BE54-9A1E7A4F7556}") = "DaOAuthV2.Domain", "DaOAuthV2.Domain\DaOAuthV2.Domain.csproj", "{88D8A28E-0052-4E80-AF9F-DB9C70F8A0A1}"
EndProject
Project("{9A19103F-16F7-4668-BE54-9A1E7A4F7556}") = "DaOAuthV2.Domain.Interface", "DaOAuthV2.Domain.Interface\DaOAuthV2.Domain.Interface.csproj", "{0E1A3E88-C15C-4A5D-B856-223CD5834EE3}"
EndProject
Project("{9A19103F-16F7-4668-BE54-9A1E7A4F7556}") = "DaOAuthV2.Dal.EF", "DaOAuthV2.Dal.EF\DaOAuthV2.Dal.EF.csproj", "{EFA215B5-144B-41F3-9B7D-DCDECEFEBEF8}"
EndProject
Project("{9A19103F-16F7-4668-BE54-9A1E7A4F7556}") = "DaOAuthV2.Dal.EF.Test", "DaOAuthV2.Dal.EF.Test\DaOAuthV2.Dal.EF.Test.csproj", "{83F3309B-18DA-4091-B2EC-EF28EA410698}"
EndProject
Project("{2150E333-8FDC-42A3-9474-1A3956D46DE8}") = "Service", "Service", "{8F7B3484-1B29-43DF-B261-70374B868E14}"
EndProject
Project("{2150E333-8FDC-42A3-9474-1A3956D46DE8}") = "GUI", "GUI", "{A8D0B00F-1D71-4EE8-88CB-38D0A526BA7D}"
EndProject
Project("{2150E333-8FDC-42A3-9474-1A3956D46DE8}") = "API", "API", "{BC6AA07A-1382-4354-8CE1-7BB7F4BED199}"
EndProject
Project("{9A19103F-16F7-4668-BE54-9A1E7A4F7556}") = "DaOAuthV2.Service", "DaOAuthV2.Service\DaOAuthV2.Service.csproj", "{7DDEFC96-516C-4D57-A9A8-AE8663934B85}"
EndProject
Project("{9A19103F-16F7-4668-BE54-9A1E7A4F7556}") = "DaOAuthV2.Service.Test", "DaOAuthV2.Service.Test\DaOAuthV2.Service.Test.csproj", "{B1C4E52C-9076-4E86-A459-B2F0CB25A166}"
EndProject
Project("{9A19103F-16F7-4668-BE54-9A1E7A4F7556}") = "DaOAuthV2.GUI", "DaOAuthV2.GUI\DaOAuthV2.GUI.csproj", "{C65732B6-07DB-4A2D-A21E-AADCE8C2845D}"
EndProject
Project("{9A19103F-16F7-4668-BE54-9A1E7A4F7556}") = "DaOAuthV2.Service.Interface", "DaOAuthV2.Service.Interface\DaOAuthV2.Service.Interface.csproj", "{3E2BBF1E-1B38-4FE6-9D4D-537BEB87A064}"
EndProject
Project("{9A19103F-16F7-4668-BE54-9A1E7A4F7556}") = "DaOAuthV2.API", "DaOAuthV2.API\DaOAuthV2.API.csproj", "{E8358BF8-191C-4ED4-BB9F-2E2722FA2FA4}"
EndProject
Project("{FAE04EC0-301F-11D3-BF4B-00C04F79EFBC}") = "DaOAuthV2.Service.DTO", "DaOAuthV2.Service.DTO\DaOAuthV2.Service.DTO.csproj", "{9E3AC986-8C5E-439E-B01B-961064EB1DC6}"
EndProject
Global
	GlobalSection(SolutionConfigurationPlatforms) = preSolution
		Debug|Any CPU = Debug|Any CPU
		Release|Any CPU = Release|Any CPU
	EndGlobalSection
	GlobalSection(ProjectConfigurationPlatforms) = postSolution
		{F15A6249-E8B9-401E-AEEF-EDADF111C2D8}.Debug|Any CPU.ActiveCfg = Debug|Any CPU
		{F15A6249-E8B9-401E-AEEF-EDADF111C2D8}.Debug|Any CPU.Build.0 = Debug|Any CPU
		{F15A6249-E8B9-401E-AEEF-EDADF111C2D8}.Release|Any CPU.ActiveCfg = Release|Any CPU
		{F15A6249-E8B9-401E-AEEF-EDADF111C2D8}.Release|Any CPU.Build.0 = Release|Any CPU
		{88D8A28E-0052-4E80-AF9F-DB9C70F8A0A1}.Debug|Any CPU.ActiveCfg = Debug|Any CPU
		{88D8A28E-0052-4E80-AF9F-DB9C70F8A0A1}.Debug|Any CPU.Build.0 = Debug|Any CPU
		{88D8A28E-0052-4E80-AF9F-DB9C70F8A0A1}.Release|Any CPU.ActiveCfg = Release|Any CPU
		{88D8A28E-0052-4E80-AF9F-DB9C70F8A0A1}.Release|Any CPU.Build.0 = Release|Any CPU
		{0E1A3E88-C15C-4A5D-B856-223CD5834EE3}.Debug|Any CPU.ActiveCfg = Debug|Any CPU
		{0E1A3E88-C15C-4A5D-B856-223CD5834EE3}.Debug|Any CPU.Build.0 = Debug|Any CPU
		{0E1A3E88-C15C-4A5D-B856-223CD5834EE3}.Release|Any CPU.ActiveCfg = Release|Any CPU
		{0E1A3E88-C15C-4A5D-B856-223CD5834EE3}.Release|Any CPU.Build.0 = Release|Any CPU
		{EFA215B5-144B-41F3-9B7D-DCDECEFEBEF8}.Debug|Any CPU.ActiveCfg = Debug|Any CPU
		{EFA215B5-144B-41F3-9B7D-DCDECEFEBEF8}.Debug|Any CPU.Build.0 = Debug|Any CPU
		{EFA215B5-144B-41F3-9B7D-DCDECEFEBEF8}.Release|Any CPU.ActiveCfg = Release|Any CPU
		{EFA215B5-144B-41F3-9B7D-DCDECEFEBEF8}.Release|Any CPU.Build.0 = Release|Any CPU
		{83F3309B-18DA-4091-B2EC-EF28EA410698}.Debug|Any CPU.ActiveCfg = Debug|Any CPU
		{83F3309B-18DA-4091-B2EC-EF28EA410698}.Debug|Any CPU.Build.0 = Debug|Any CPU
		{83F3309B-18DA-4091-B2EC-EF28EA410698}.Release|Any CPU.ActiveCfg = Release|Any CPU
		{83F3309B-18DA-4091-B2EC-EF28EA410698}.Release|Any CPU.Build.0 = Release|Any CPU
		{7DDEFC96-516C-4D57-A9A8-AE8663934B85}.Debug|Any CPU.ActiveCfg = Debug|Any CPU
		{7DDEFC96-516C-4D57-A9A8-AE8663934B85}.Debug|Any CPU.Build.0 = Debug|Any CPU
		{7DDEFC96-516C-4D57-A9A8-AE8663934B85}.Release|Any CPU.ActiveCfg = Release|Any CPU
		{7DDEFC96-516C-4D57-A9A8-AE8663934B85}.Release|Any CPU.Build.0 = Release|Any CPU
		{B1C4E52C-9076-4E86-A459-B2F0CB25A166}.Debug|Any CPU.ActiveCfg = Debug|Any CPU
		{B1C4E52C-9076-4E86-A459-B2F0CB25A166}.Debug|Any CPU.Build.0 = Debug|Any CPU
		{B1C4E52C-9076-4E86-A459-B2F0CB25A166}.Release|Any CPU.ActiveCfg = Release|Any CPU
		{B1C4E52C-9076-4E86-A459-B2F0CB25A166}.Release|Any CPU.Build.0 = Release|Any CPU
		{C65732B6-07DB-4A2D-A21E-AADCE8C2845D}.Debug|Any CPU.ActiveCfg = Debug|Any CPU
		{C65732B6-07DB-4A2D-A21E-AADCE8C2845D}.Debug|Any CPU.Build.0 = Debug|Any CPU
		{C65732B6-07DB-4A2D-A21E-AADCE8C2845D}.Release|Any CPU.ActiveCfg = Release|Any CPU
		{C65732B6-07DB-4A2D-A21E-AADCE8C2845D}.Release|Any CPU.Build.0 = Release|Any CPU
		{3E2BBF1E-1B38-4FE6-9D4D-537BEB87A064}.Debug|Any CPU.ActiveCfg = Debug|Any CPU
		{3E2BBF1E-1B38-4FE6-9D4D-537BEB87A064}.Debug|Any CPU.Build.0 = Debug|Any CPU
		{3E2BBF1E-1B38-4FE6-9D4D-537BEB87A064}.Release|Any CPU.ActiveCfg = Release|Any CPU
		{3E2BBF1E-1B38-4FE6-9D4D-537BEB87A064}.Release|Any CPU.Build.0 = Release|Any CPU
		{E8358BF8-191C-4ED4-BB9F-2E2722FA2FA4}.Debug|Any CPU.ActiveCfg = Debug|Any CPU
		{E8358BF8-191C-4ED4-BB9F-2E2722FA2FA4}.Debug|Any CPU.Build.0 = Debug|Any CPU
		{E8358BF8-191C-4ED4-BB9F-2E2722FA2FA4}.Release|Any CPU.ActiveCfg = Release|Any CPU
		{E8358BF8-191C-4ED4-BB9F-2E2722FA2FA4}.Release|Any CPU.Build.0 = Release|Any CPU
		{9E3AC986-8C5E-439E-B01B-961064EB1DC6}.Debug|Any CPU.ActiveCfg = Debug|Any CPU
		{9E3AC986-8C5E-439E-B01B-961064EB1DC6}.Debug|Any CPU.Build.0 = Debug|Any CPU
		{9E3AC986-8C5E-439E-B01B-961064EB1DC6}.Release|Any CPU.ActiveCfg = Release|Any CPU
		{9E3AC986-8C5E-439E-B01B-961064EB1DC6}.Release|Any CPU.Build.0 = Release|Any CPU
	EndGlobalSection
	GlobalSection(SolutionProperties) = preSolution
		HideSolutionNode = FALSE
	EndGlobalSection
	GlobalSection(NestedProjects) = preSolution
		{F15A6249-E8B9-401E-AEEF-EDADF111C2D8} = {350D71BF-B546-4FF9-B076-0BDFEC344FC2}
		{88D8A28E-0052-4E80-AF9F-DB9C70F8A0A1} = {AC4FE779-D22C-46DB-84D1-6E1BF46EE9E2}
		{0E1A3E88-C15C-4A5D-B856-223CD5834EE3} = {AC4FE779-D22C-46DB-84D1-6E1BF46EE9E2}
		{EFA215B5-144B-41F3-9B7D-DCDECEFEBEF8} = {350D71BF-B546-4FF9-B076-0BDFEC344FC2}
		{83F3309B-18DA-4091-B2EC-EF28EA410698} = {350D71BF-B546-4FF9-B076-0BDFEC344FC2}
		{7DDEFC96-516C-4D57-A9A8-AE8663934B85} = {8F7B3484-1B29-43DF-B261-70374B868E14}
		{B1C4E52C-9076-4E86-A459-B2F0CB25A166} = {8F7B3484-1B29-43DF-B261-70374B868E14}
		{C65732B6-07DB-4A2D-A21E-AADCE8C2845D} = {A8D0B00F-1D71-4EE8-88CB-38D0A526BA7D}
		{3E2BBF1E-1B38-4FE6-9D4D-537BEB87A064} = {8F7B3484-1B29-43DF-B261-70374B868E14}
		{E8358BF8-191C-4ED4-BB9F-2E2722FA2FA4} = {BC6AA07A-1382-4354-8CE1-7BB7F4BED199}
		{9E3AC986-8C5E-439E-B01B-961064EB1DC6} = {8F7B3484-1B29-43DF-B261-70374B868E14}
	EndGlobalSection
	GlobalSection(ExtensibilityGlobals) = postSolution
		SolutionGuid = {BD855C1A-DEB6-442B-95DE-04FE253E9A41}
	EndGlobalSection
EndGlobal
